
Microsoft Visual Studio Solution File, Format Version 12.00
# Visual Studio Version 16
VisualStudioVersion = 16.0.31624.102
MinimumVisualStudioVersion = 10.0.40219.1
Project("{9A19103F-16F7-4668-BE54-9A1E7A4F7556}") = "Enigma_demo", "Enigma_demo\Enigma_demo.csproj", "{2FE541D2-87E6-4359-BC8C-11427EF8DE99}"
EndProject
Project("{2150E333-8FDC-42A3-9474-1A3956D46DE8}") = "Solution Items", "Solution Items", "{C3A5E746-D7C9-475A-8172-6BAE51675418}"
	ProjectSection(SolutionItems) = preProject
		.editorconfig = .editorconfig
	EndProjectSection
EndProject
Project("{9A19103F-16F7-4668-BE54-9A1E7A4F7556}") = "testings", "testings\testings.csproj", "{1061D3B1-83C9-448F-AAA6-3CF176B9683B}"
EndProject
Project("{9A19103F-16F7-4668-BE54-9A1E7A4F7556}") = "EnigmaServer1", "EnigmaServer1\EnigmaServer1.csproj", "{411325C8-13E6-4970-9D25-FFC576E4EFDD}"
EndProject
Global
	GlobalSection(SolutionConfigurationPlatforms) = preSolution
		Debug|Any CPU = Debug|Any CPU
		Release|Any CPU = Release|Any CPU
	EndGlobalSection
	GlobalSection(ProjectConfigurationPlatforms) = postSolution
		{2FE541D2-87E6-4359-BC8C-11427EF8DE99}.Debug|Any CPU.ActiveCfg = Debug|Any CPU
		{2FE541D2-87E6-4359-BC8C-11427EF8DE99}.Debug|Any CPU.Build.0 = Debug|Any CPU
		{2FE541D2-87E6-4359-BC8C-11427EF8DE99}.Release|Any CPU.ActiveCfg = Release|Any CPU
		{2FE541D2-87E6-4359-BC8C-11427EF8DE99}.Release|Any CPU.Build.0 = Release|Any CPU
		{1061D3B1-83C9-448F-AAA6-3CF176B9683B}.Debug|Any CPU.ActiveCfg = Debug|Any CPU
		{1061D3B1-83C9-448F-AAA6-3CF176B9683B}.Debug|Any CPU.Build.0 = Debug|Any CPU
		{1061D3B1-83C9-448F-AAA6-3CF176B9683B}.Release|Any CPU.ActiveCfg = Release|Any CPU
		{1061D3B1-83C9-448F-AAA6-3CF176B9683B}.Release|Any CPU.Build.0 = Release|Any CPU
		{411325C8-13E6-4970-9D25-FFC576E4EFDD}.Debug|Any CPU.ActiveCfg = Debug|Any CPU
		{411325C8-13E6-4970-9D25-FFC576E4EFDD}.Debug|Any CPU.Build.0 = Debug|Any CPU
		{411325C8-13E6-4970-9D25-FFC576E4EFDD}.Release|Any CPU.ActiveCfg = Release|Any CPU
		{411325C8-13E6-4970-9D25-FFC576E4EFDD}.Release|Any CPU.Build.0 = Release|Any CPU
	EndGlobalSection
	GlobalSection(SolutionProperties) = preSolution
		HideSolutionNode = FALSE
	EndGlobalSection
	GlobalSection(ExtensibilityGlobals) = postSolution
		SolutionGuid = {EB263E27-3FF6-411C-8209-2011BD6F7FD9}
	EndGlobalSection
EndGlobal
